
Microsoft Visual Studio Solution File, Format Version 12.00
# Visual Studio Version 16
VisualStudioVersion = 16.0.30907.101
MinimumVisualStudioVersion = 10.0.40219.1
Project("{FAE04EC0-301F-11D3-BF4B-00C04F79EFBC}") = "lab 2.2", "lab 2.2\lab 2.2.csproj", "{FB770A65-B314-4481-89D8-F1170F87B11B}"
EndProject
Global
	GlobalSection(SolutionConfigurationPlatforms) = preSolution
		Debug|Any CPU = Debug|Any CPU
		Release|Any CPU = Release|Any CPU
	EndGlobalSection
	GlobalSection(ProjectConfigurationPlatforms) = postSolution
		{FB770A65-B314-4481-89D8-F1170F87B11B}.Debug|Any CPU.ActiveCfg = Debug|Any CPU
		{FB770A65-B314-4481-89D8-F1170F87B11B}.Debug|Any CPU.Build.0 = Debug|Any CPU
		{FB770A65-B314-4481-89D8-F1170F87B11B}.Release|Any CPU.ActiveCfg = Release|Any CPU
		{FB770A65-B314-4481-89D8-F1170F87B11B}.Release|Any CPU.Build.0 = Release|Any CPU
	EndGlobalSection
	GlobalSection(SolutionProperties) = preSolution
		HideSolutionNode = FALSE
	EndGlobalSection
	GlobalSection(ExtensibilityGlobals) = postSolution
		SolutionGuid = {C53E61EC-23B0-4A60-926E-7880C9AE1389}
	EndGlobalSection
EndGlobal
